{
  "name": "absolut-polka",
  "version": "1.0.0",
  "lockfileVersion": 1,
  "requires": true,
  "dependencies": {
    "vexflow": {
      "version": "1.2.84",
      "resolved": "https://registry.npmjs.org/vexflow/-/vexflow-1.2.84.tgz",
      "integrity": "sha1-oWNJa0pZB07P4e83PtCaqrSqJyI="
    },
    "vue-class-component": {
      "version": "6.1.0",
      "resolved": "https://registry.npmjs.org/vue-class-component/-/vue-class-component-6.1.0.tgz",
      "integrity": "sha512-kTtT2YgWPBpyiJFTvLXA6gOHVzMYxF9IKwMEPRRh1aF24m8dLrpXSmvheQU9zoSEEtUza44a1tZhDEVC1l+KCg=="
    }
  }
}
